{
  "version": "2",
  "remote": {
    "https://esm.sh/@ipld/dag-cbor@9.0.0": "32ef443f47acd32723bd35c4687427ba6808c0eba225f966e0f3699ad67be45b",
    "https://esm.sh/@ipld/dag-json@10.0.1": "e352cef3eeb169a132f56394e8a31de4a7cf9408b84855004e8e98302cf66f34",
    "https://esm.sh/@ipld/dag-pb@4.0.2": "780d8652665b67626dcc8c9de39cc2360d8a6746782976af851459a339284ef3",
    "https://esm.sh/@multiformats/multiaddr@12.1.0": "7900c525592e90a9efbbc50554dd166c3998f8c556f257965c95557184add558",
    "https://esm.sh/dag-jose@4.0.0": "3ed2bf60f4e381bab822742dff5c632da854747a698804da1cec9bac0a2a823f",
    "https://esm.sh/ipfs-core-utils@0.18.0/multibases": "a4c4a055c417d33eacea44bba49bd4ed86206bacee935deb91b0234707d83262",
    "https://esm.sh/ipfs-core-utils@0.18.0/multicodecs": "f64c64eb1f28e88395c0036f94fc7def75966f852d328492731c147a1b8b7314",
    "https://esm.sh/ipfs-core-utils@0.18.0/multihashes": "e439db5445cad4e0ee91cafadb3c5363daf2b3fca3c995083114b18764048023",
    "https://esm.sh/ipfs-http-client@60.0.0/dist/src/lib/mode-to-string.d.ts": "f5b4ea617a868db5b189d154a5a7098984243c15583432c532d40fe42f6ef28e",
    "https://esm.sh/ipfs-http-client@60.0.0/src/lib/mode-to-string.js": "82fb38fa8682cf9ab3f2142ff77722095a693c53c69a925d75194599bcdfac95",
    "https://esm.sh/ipfs-http-client@60.0.0/src/lib/parse-mtime.js": "28fc090f839217923ec9243a4998aceaa6e401bd9a1072a1a8a0e2116b9aa100",
    "https://esm.sh/ipfs-http-client@60.0.0/src/types.ts": "5bbaf4e028a7f254bf3e72d9422c0a44f152525aed481b66ca4d59bd8c63dc76",
    "https://esm.sh/ipfs-utils@9.0.14/src/files/glob-source.js": "6f4e42001fb4d72839e4a7bc58bc693e57dcb144470afae5b24f0a447b7c3d31",
    "https://esm.sh/multiformats@11.0.2/bases/interface": "5d861d072456a6f80aea29aeed1637dc6519943db8558380d7498891ceae05db",
    "https://esm.sh/multiformats@11.0.2/basics": "bd9aaccb27ac6138f652340fa4ca8f490742b65386320a1a8b8a4a7b1331f3b6",
    "https://esm.sh/multiformats@11.0.2/codecs/interface": "fd2a7a23b4bc32cc207fafe9b9501b72e58e459233630f4d6d8a66fa2a41c10b",
    "https://esm.sh/multiformats@11.0.2/hashes/identity": "e3ba551e3fccacb7f9caa1790d432e671728e4334b1bc77bd21e93b8ba9f95a7",
    "https://esm.sh/multiformats@11.0.2/hashes/interface": "7c244882f740e8228476fc7d87b91fbe4bd8305c9a3d6681f7b208d5daca9829",
    "https://esm.sh/v112/@chainsafe/is-ip@2.0.1/deno/is-ip.mjs": "dbefcd0a93685cda859f72ba78ef9d91f16f0a324b998880c3e118c3ead67e10",
    "https://esm.sh/v112/@chainsafe/is-ip@2.0.1/deno/parse.js": "714edfab3990b95af4cf265579b23404dcd8fa75c5877535e2fbbc47adce7990",
    "https://esm.sh/v112/@chainsafe/netmask@2.0.0/deno/netmask.mjs": "534cea06c92270321f288afaf2bfd578be75d0e85a733161b744bb9a0b31f938",
    "https://esm.sh/v112/@ipld/dag-cbor@9.0.0/deno/dag-cbor.mjs": "618b0cad7ba49fea3b922bc0c4444ce6abd7548f8600b710cdd1cfdd42b8483b",
    "https://esm.sh/v112/@ipld/dag-cbor@9.0.0/dist/src/index.d.ts": "5b10039ee2ab43639a957a4532841a99a5330bed0a7bdadf3f778f7f01baf048",
    "https://esm.sh/v112/@ipld/dag-json@10.0.1/deno/dag-json.mjs": "28997514ba330aaf077453c64bec0cd7b98c9d6300b04f533f652b5b7c8b39a3",
    "https://esm.sh/v112/@ipld/dag-json@10.0.1/dist/src/index.d.ts": "61c11ab20b2e72b80055b4870aab9d328420657a9ab8837eb6674e6deca50f2c",
    "https://esm.sh/v112/@ipld/dag-pb@4.0.2/deno/dag-pb.mjs": "0cdd620b83a6748542f6879c547a1ea3d2d9b1f33f3f56006dd5b9421e385d33",
    "https://esm.sh/v112/@ipld/dag-pb@4.0.2/dist/src/index.d.ts": "46dfb6e1427df0f6ffe363fe48a2462f67788ab1a4e856d2b440bdea8ab5ad90",
    "https://esm.sh/v112/@ipld/dag-pb@4.0.2/dist/src/interface.d.ts": "83fd411c723e1a4d5b8ef84c4c80392b6a3a63b72cbd8bc04e94ac36706fc1dc",
    "https://esm.sh/v112/@ipld/dag-pb@4.0.2/dist/src/util.d.ts": "83cfff5daca722a2d3ad5af54acac4135060e3782902074b77972c09e7c583ee",
    "https://esm.sh/v112/@multiformats/multiaddr@12.1.0/deno/multiaddr.mjs": "3036d9a5e2834465032f473c279408f38e30621025128e344122458e7145d28e",
    "https://esm.sh/v112/@multiformats/multiaddr@12.1.0/dist/src/filter/multiaddr-filter.d.ts": "83d9efffd3a90ecb1eb9d6bca82afc06df8b43f03782c23f63daaf7db020f1d3",
    "https://esm.sh/v112/@multiformats/multiaddr@12.1.0/dist/src/index.d.ts": "1aeb6c24e4bc99de10e1950a8f1ff7285b80e39781edf8527070073049f431c2",
    "https://esm.sh/v112/@multiformats/multiaddr@12.1.0/dist/src/protocols-table.d.ts": "4c73cbb637d9b060207c7784d2a73bb9bd1f88d4ece1f62dbe2b4da22fa08685",
    "https://esm.sh/v112/cborg@1.10.1/deno/cborg.mjs": "0f4824896f14c983fa1f527a1bc69f7561b9fde50a22655be7a5ae6a82cda1f8",
    "https://esm.sh/v112/cborg@1.10.1/deno/json.js": "1179669b8b183f86ed20d6f907d7640679acf8439aa2986137d7d20c4a66f855",
    "https://esm.sh/v112/dag-jose@4.0.0/deno/dag-jose.mjs": "231a1cd46ec128c90d05a4e134edcee3ecd762f398b7aa054c90eeeaa00f3e89",
    "https://esm.sh/v112/dag-jose@4.0.0/lib/encryption.d.ts": "f3693b3f321502def019d8c21bcc42d7f73b439ce826897bd56154827855378b",
    "https://esm.sh/v112/dag-jose@4.0.0/lib/index.d.ts": "351bd269095e46302ebe63fee0523b1e83b955051d8af7ba6e9e02ae592f55d9",
    "https://esm.sh/v112/dag-jose@4.0.0/lib/signing.d.ts": "21bc525e44b2e907ebbcbf7811c55345957f949b7cb0256fc8ed3aabe785256e",
    "https://esm.sh/v112/err-code@3.0.1/deno/err-code.mjs": "62e69b386fad59aac6e9fbbb308809825a9eec3772f1219008176a33dc8c3b73",
    "https://esm.sh/v112/ipfs-core-utils@0.18.0/deno/multibases.js": "6893b7da2fa719aa9e3ab19f3864eb9aa3cc0bcbc15a33dc89dec5479d41245b",
    "https://esm.sh/v112/ipfs-core-utils@0.18.0/deno/multicodecs.js": "2fd46f240c3f402e63ba39d228e824f8ba2897f03a5c88d44f96bce11c20025d",
    "https://esm.sh/v112/ipfs-core-utils@0.18.0/deno/multihashes.js": "fbbd823f9771e202aecc2a1d70fb90b6a2137d9720ed32d1d085d42dfa0f79a5",
    "https://esm.sh/v112/ipfs-http-client@60.0.0/deno/src/lib/mode-to-string.js": "03e2742a877f287d6c9837775e7042f6c948836802bbb8b3292d07e5ffc11f5e",
    "https://esm.sh/v112/ipfs-http-client@60.0.0/deno/src/lib/parse-mtime.js": "ff6ece34f38c4df8375ade407595eab8a9ac1f6d9bba71a1e7aa7223f29adc9f",
    "https://esm.sh/v112/ipfs-utils@9.0.14/deno/src/files/glob-source.js": "fda8d953ff6e766dc7722b178508721d80ac56407186a6bc5cb2e556571c6ca6",
    "https://esm.sh/v112/multiformats@11.0.2/deno/bases/base32.js": "828a0787538d6aaa6b9be3696b3e208e808f5abd666fd24a5ff3b249178c954e",
    "https://esm.sh/v112/multiformats@11.0.2/deno/bases/base58.js": "67fa6b4f2f9cdf7c14cf3975d96bfdd8f280fef5b837c17c7513da3f7e13910a",
    "https://esm.sh/v112/multiformats@11.0.2/deno/bases/base64.js": "95101acc66bdb2f44bf9217b9a826aa3a705c949ef8539c8128ca52debe4ed07",
    "https://esm.sh/v112/multiformats@11.0.2/deno/bases/interface.js": "219cb3085118cdc2787067b34233121ff58d792de291d3af06d66304ca753eb8",
    "https://esm.sh/v112/multiformats@11.0.2/deno/basics.js": "773c6f381a31cd5a10d67411c40508997de56429512a436930ad9cf63efaefd6",
    "https://esm.sh/v112/multiformats@11.0.2/deno/cid.js": "de092c30a9c789354e3281852089a851d2d094b3015d757ec7f65075b4f79df2",
    "https://esm.sh/v112/multiformats@11.0.2/deno/codecs/interface.js": "92be2650969feff20ebc5f9a7c64f863a39ad51abac0325467810f0f54d181ec",
    "https://esm.sh/v112/multiformats@11.0.2/deno/hashes/digest.js": "95c76d6c855047cb04c567cf20704d219b87d84b2409c46547c3e6c9156702e9",
    "https://esm.sh/v112/multiformats@11.0.2/deno/hashes/identity.js": "b883813ffbf9f43d6c3a5dfb885002ff165f23982f907c6686a7b1f954d2444e",
    "https://esm.sh/v112/multiformats@11.0.2/deno/hashes/interface.js": "64cc7a364d1514deb2f407a22b211294275acf8d533bfaafa2b50d9da877a161",
    "https://esm.sh/v112/multiformats@11.0.2/deno/multiformats.mjs": "d48258538eb8c4eb6432e23c9580a9aac64618ba5f77c69b554993ed073736aa",
    "https://esm.sh/v112/multiformats@11.0.2/dist/types/src/bases/base.d.ts": "ffc557e7c5a76df4842fabca797d748c502e3407d6eac0393d0c4c8bece744a7",
    "https://esm.sh/v112/multiformats@11.0.2/dist/types/src/bases/interface.d.ts": "963c8941e7ee7da789bc4e1725c31dd35b0656c4d7dab4180b1f1ce2ceedf9e5",
    "https://esm.sh/v112/multiformats@11.0.2/dist/types/src/basics.d.ts": "af1c4d027ae5e319a1ae7b23e302b1c501bd03c8fd6dc76c80f522c9d7085f53",
    "https://esm.sh/v112/multiformats@11.0.2/dist/types/src/block/interface.d.ts": "64c7594a582d8a8f84dbec709cca6f642bca2ff969d70a394c367467dd707d11",
    "https://esm.sh/v112/multiformats@11.0.2/dist/types/src/bytes.d.ts": "99bfb6b5870f9f098194d6bfb6cb168f95d768d71069aa368a993aa9f01fba16",
    "https://esm.sh/v112/multiformats@11.0.2/dist/types/src/cid.d.ts": "0ae355421e2a5f2f534e570b222dcb8d06fca94ca62c0e9b7fd2c8850f13ab50",
    "https://esm.sh/v112/multiformats@11.0.2/dist/types/src/codecs/interface.d.ts": "61ecd42a22f9684e29b13b1b0c1ad9ac03dec11b090c42df364e8fb703bda033",
    "https://esm.sh/v112/multiformats@11.0.2/dist/types/src/codecs/json.d.ts": "e05b405095ef50be6d6bf544dc7868cf532b9269e2fd1ecb36fd5332b891757a",
    "https://esm.sh/v112/multiformats@11.0.2/dist/types/src/codecs/raw.d.ts": "33060f6555fdaef32ba2116a9eb1f181f7939020aeaaed53500d933806447e79",
    "https://esm.sh/v112/multiformats@11.0.2/dist/types/src/hashes/digest.d.ts": "66a09c8d8f87499b6c88bc6ce8e473d1b0b85bf333c62a3aab2a8d0310e1a8a3",
    "https://esm.sh/v112/multiformats@11.0.2/dist/types/src/hashes/hasher.d.ts": "2af22de699998f27869aad6e74d99561e663c00cc91990125d94633011cbc4cc",
    "https://esm.sh/v112/multiformats@11.0.2/dist/types/src/hashes/identity.d.ts": "55d3c93fc89afef02ca1c01ebefc7f77b2c3ceb516bb44c15605b0c4872e730f",
    "https://esm.sh/v112/multiformats@11.0.2/dist/types/src/hashes/interface.d.ts": "2489793504b2dd1fabcfb94e51dcd94d54b7d8253e85b003863c90e7b5ae763f",
    "https://esm.sh/v112/multiformats@11.0.2/dist/types/src/index.d.ts": "3763c42154cdd740aa1b92c6241f7c75b7e282a50adbd9f6274ff5be93f26506",
    "https://esm.sh/v112/multiformats@11.0.2/dist/types/src/interface.d.ts": "68ec2cae2a7fbbcc36f8a15c0a29f422cba7daca9e916e08e1c37ea94af78e5d",
    "https://esm.sh/v112/multiformats@11.0.2/dist/types/src/link/interface.d.ts": "622ab5c916dddd804c5b5342a2bcfa32671f8614cb731a437a1c274007a6e7b5",
    "https://esm.sh/v112/multiformats@11.0.2/dist/types/src/varint.d.ts": "f5954134730b0548f8e59d99bae7837bf925be391e24b406699423b4c0dccd6d",
    "https://esm.sh/v112/uint8arrays@4.0.3/deno/concat.js": "3e827b82f0215a42091105e76233055d72f8cec59a38f0e56d3033f024e1617e",
    "https://esm.sh/v112/uint8arrays@4.0.3/deno/equals.js": "3d6f95846dae7e98ba201bb3916380fd831c7c03da07c05ea8cd0da3d6a4bcf5",
    "https://esm.sh/v112/uint8arrays@4.0.3/deno/from-string.js": "eb670e861d31734e125ee903657d304ccbe26248fe47afe60efdb3b8accc3921",
    "https://esm.sh/v112/uint8arrays@4.0.3/deno/to-string.js": "086c9a1c1149948ec1beb274a5fc8bdd537c6d648cfe3510c92b00d19686d8ce",
    "https://esm.sh/v112/varint@6.0.0/deno/varint.mjs": "7f595b37abaa62f18793f5d0615b6cb23d11d7d3af3dce11590ed70a67649093"
  }
}
